
Microsoft Visual Studio Solution File, Format Version 12.00
Project("{FAE04EC0-301F-11D3-BF4B-00C04F79EFBC}") = "Arbor", "Arbor\Arbor.csproj", "{7A87B369-E7F6-4414-873C-B135F5597EE8}"
EndProject
Project("{2150E333-8FDC-42A3-9474-1A3956D46DE8}") = "Solution Files", "Solution Files", "{F25A9D15-A7A5-4AC7-B0B4-80FFAD645D33}"
	ProjectSection(SolutionItems) = preProject
		.gitignore = .gitignore
		readme.md = readme.md
	EndProjectSection
EndProject
Project("{FAE04EC0-301F-11D3-BF4B-00C04F79EFBC}") = "Arbor.Resources", "Arbor.Resources\Arbor.Resources.csproj", "{33778F9D-4869-48FE-811F-148C234F7AFE}"
EndProject
Global
	GlobalSection(SolutionConfigurationPlatforms) = preSolution
		Debug|Any CPU = Debug|Any CPU
		Release|Any CPU = Release|Any CPU
	EndGlobalSection
	GlobalSection(ProjectConfigurationPlatforms) = postSolution
		{7A87B369-E7F6-4414-873C-B135F5597EE8}.Debug|Any CPU.ActiveCfg = Debug|Any CPU
		{7A87B369-E7F6-4414-873C-B135F5597EE8}.Debug|Any CPU.Build.0 = Debug|Any CPU
		{7A87B369-E7F6-4414-873C-B135F5597EE8}.Release|Any CPU.ActiveCfg = Release|Any CPU
		{7A87B369-E7F6-4414-873C-B135F5597EE8}.Release|Any CPU.Build.0 = Release|Any CPU
		{33778F9D-4869-48FE-811F-148C234F7AFE}.Debug|Any CPU.ActiveCfg = Debug|Any CPU
		{33778F9D-4869-48FE-811F-148C234F7AFE}.Debug|Any CPU.Build.0 = Debug|Any CPU
		{33778F9D-4869-48FE-811F-148C234F7AFE}.Release|Any CPU.ActiveCfg = Release|Any CPU
		{33778F9D-4869-48FE-811F-148C234F7AFE}.Release|Any CPU.Build.0 = Release|Any CPU
	EndGlobalSection
EndGlobal
